// !$*UTF8*$!
{
	archiveVersion = 1;
	classes = {
	};
	objectVersion = 48;
	objects = {

/* Begin PBXBuildFile section */
		7123686A20576A2500365E63 /* NoAnimationLayerDelegate.swift in Sources */ = {isa = PBXBuildFile; fileRef = 7123686920576A2500365E63 /* NoAnimationLayerDelegate.swift */; };
		7123686C2057899D00365E63 /* KeyframeAnimationController.swift in Sources */ = {isa = PBXBuildFile; fileRef = 7123686B2057899D00365E63 /* KeyframeAnimationController.swift */; };
		7123686E205793CD00365E63 /* time.mp4 in Resources */ = {isa = PBXBuildFile; fileRef = 7123686D205793CD00365E63 /* time.mp4 */; };
		712368702057944700365E63 /* MovieController.swift in Sources */ = {isa = PBXBuildFile; fileRef = 7123686F2057944700365E63 /* MovieController.swift */; };
		71ECACA22055DB4100B720EE /* AppDelegate.swift in Sources */ = {isa = PBXBuildFile; fileRef = 71ECACA12055DB4100B720EE /* AppDelegate.swift */; };
		71ECACA42055DB4100B720EE /* ViewController.swift in Sources */ = {isa = PBXBuildFile; fileRef = 71ECACA32055DB4100B720EE /* ViewController.swift */; };
		71ECACA92055DB4100B720EE /* Assets.xcassets in Resources */ = {isa = PBXBuildFile; fileRef = 71ECACA82055DB4100B720EE /* Assets.xcassets */; };
		71ECACAC2055DB4100B720EE /* LaunchScreen.storyboard in Resources */ = {isa = PBXBuildFile; fileRef = 71ECACAA2055DB4100B720EE /* LaunchScreen.storyboard */; };
		71ECACB42055DBF800B720EE /* LayerViewController.swift in Sources */ = {isa = PBXBuildFile; fileRef = 71ECACB32055DBF800B720EE /* LayerViewController.swift */; };
		71ECACB62055E45000B720EE /* ActionCollectionViewDelegate.swift in Sources */ = {isa = PBXBuildFile; fileRef = 71ECACB52055E45000B720EE /* ActionCollectionViewDelegate.swift */; };
		71ECACBA20571D8900B720EE /* LayerBasedDemo.swift in Sources */ = {isa = PBXBuildFile; fileRef = 71ECACB920571D8900B720EE /* LayerBasedDemo.swift */; };
		71ECACBC20571DA800B720EE /* DemoParentLayer.swift in Sources */ = {isa = PBXBuildFile; fileRef = 71ECACBB20571DA800B720EE /* DemoParentLayer.swift */; };
		71ECACBE20571DE700B720EE /* DemoParentLayerView.swift in Sources */ = {isa = PBXBuildFile; fileRef = 71ECACBD20571DE700B720EE /* DemoParentLayerView.swift */; };
		71ECACC020574E9900B720EE /* AnimationViewController.swift in Sources */ = {isa = PBXBuildFile; fileRef = 71ECACBF20574E9900B720EE /* AnimationViewController.swift */; };
/* End PBXBuildFile section */

/* Begin PBXFileReference section */
		7123686920576A2500365E63 /* NoAnimationLayerDelegate.swift */ = {isa = PBXFileReference; lastKnownFileType = sourcecode.swift; path = NoAnimationLayerDelegate.swift; sourceTree = "<group>"; };
		7123686B2057899D00365E63 /* KeyframeAnimationController.swift */ = {isa = PBXFileReference; fileEncoding = 4; lastKnownFileType = sourcecode.swift; path = KeyframeAnimationController.swift; sourceTree = "<group>"; };
		7123686D205793CD00365E63 /* time.mp4 */ = {isa = PBXFileReference; lastKnownFileType = file; name = time.mp4; path = ../../../../../Shared/NotBackedUp/Downloads/time.mp4; sourceTree = "<group>"; };
		7123686F2057944700365E63 /* MovieController.swift */ = {isa = PBXFileReference; fileEncoding = 4; lastKnownFileType = sourcecode.swift; path = MovieController.swift; sourceTree = "<group>"; };
		71ECAC9E2055DB4100B720EE /* AVFoundationDemo.app */ = {isa = PBXFileReference; explicitFileType = wrapper.application; includeInIndex = 0; path = AVFoundationDemo.app; sourceTree = BUILT_PRODUCTS_DIR; };
		71ECACA12055DB4100B720EE /* AppDelegate.swift */ = {isa = PBXFileReference; lastKnownFileType = sourcecode.swift; path = AppDelegate.swift; sourceTree = "<group>"; };
		71ECACA32055DB4100B720EE /* ViewController.swift */ = {isa = PBXFileReference; lastKnownFileType = sourcecode.swift; path = ViewController.swift; sourceTree = "<group>"; };
		71ECACA82055DB4100B720EE /* Assets.xcassets */ = {isa = PBXFileReference; lastKnownFileType = folder.assetcatalog; path = Assets.xcassets; sourceTree = "<group>"; };
		71ECACAB2055DB4100B720EE /* Base */ = {isa = PBXFileReference; lastKnownFileType = file.storyboard; name = Base; path = Base.lproj/LaunchScreen.storyboard; sourceTree = "<group>"; };
		71ECACAD2055DB4100B720EE /* Info.plist */ = {isa = PBXFileReference; lastKnownFileType = text.plist.xml; path = Info.plist; sourceTree = "<group>"; };
		71ECACB32055DBF800B720EE /* LayerViewController.swift */ = {isa = PBXFileReference; lastKnownFileType = sourcecode.swift; path = LayerViewController.swift; sourceTree = "<group>"; };
		71ECACB52055E45000B720EE /* ActionCollectionViewDelegate.swift */ = {isa = PBXFileReference; lastKnownFileType = sourcecode.swift; path = ActionCollectionViewDelegate.swift; sourceTree = "<group>"; };
		71ECACB920571D8900B720EE /* LayerBasedDemo.swift */ = {isa = PBXFileReference; lastKnownFileType = sourcecode.swift; path = LayerBasedDemo.swift; sourceTree = "<group>"; };
		71ECACBB20571DA800B720EE /* DemoParentLayer.swift */ = {isa = PBXFileReference; lastKnownFileType = sourcecode.swift; path = DemoParentLayer.swift; sourceTree = "<group>"; };
		71ECACBD20571DE700B720EE /* DemoParentLayerView.swift */ = {isa = PBXFileReference; lastKnownFileType = sourcecode.swift; path = DemoParentLayerView.swift; sourceTree = "<group>"; };
		71ECACBF20574E9900B720EE /* AnimationViewController.swift */ = {isa = PBXFileReference; fileEncoding = 4; lastKnownFileType = sourcecode.swift; path = AnimationViewController.swift; sourceTree = "<group>"; };
/* End PBXFileReference section */

/* Begin PBXFrameworksBuildPhase section */
		71ECAC9B2055DB4100B720EE /* Frameworks */ = {
			isa = PBXFrameworksBuildPhase;
			buildActionMask = 2147483647;
			files = (
			);
			runOnlyForDeploymentPostprocessing = 0;
		};
/* End PBXFrameworksBuildPhase section */

/* Begin PBXGroup section */
		71ECAC952055DB4100B720EE = {
			isa = PBXGroup;
			children = (
				71ECACA02055DB4100B720EE /* AVFoundationDemo */,
				71ECAC9F2055DB4100B720EE /* Products */,
			);
			sourceTree = "<group>";
		};
		71ECAC9F2055DB4100B720EE /* Products */ = {
			isa = PBXGroup;
			children = (
				71ECAC9E2055DB4100B720EE /* AVFoundationDemo.app */,
			);
			name = Products;
			sourceTree = "<group>";
		};
		71ECACA02055DB4100B720EE /* AVFoundationDemo */ = {
			isa = PBXGroup;
			children = (
				7123686F2057944700365E63 /* MovieController.swift */,
				7123686D205793CD00365E63 /* time.mp4 */,
				7123686B2057899D00365E63 /* KeyframeAnimationController.swift */,
				71ECACBF20574E9900B720EE /* AnimationViewController.swift */,
				71ECACA12055DB4100B720EE /* AppDelegate.swift */,
				71ECACA32055DB4100B720EE /* ViewController.swift */,
				71ECACA82055DB4100B720EE /* Assets.xcassets */,
				71ECACAA2055DB4100B720EE /* LaunchScreen.storyboard */,
				71ECACAD2055DB4100B720EE /* Info.plist */,
				71ECACB32055DBF800B720EE /* LayerViewController.swift */,
				71ECACB52055E45000B720EE /* ActionCollectionViewDelegate.swift */,
				71ECACB920571D8900B720EE /* LayerBasedDemo.swift */,
				71ECACBB20571DA800B720EE /* DemoParentLayer.swift */,
				71ECACBD20571DE700B720EE /* DemoParentLayerView.swift */,
				7123686920576A2500365E63 /* NoAnimationLayerDelegate.swift */,
			);
			path = AVFoundationDemo;
			sourceTree = "<group>";
		};
/* End PBXGroup section */

/* Begin PBXNativeTarget section */
		71ECAC9D2055DB4100B720EE /* AVFoundationDemo */ = {
			isa = PBXNativeTarget;
			buildConfigurationList = 71ECACB02055DB4100B720EE /* Build configuration list for PBXNativeTarget "AVFoundationDemo" */;
			buildPhases = (
				71ECAC9A2055DB4100B720EE /* Sources */,
				71ECAC9B2055DB4100B720EE /* Frameworks */,
				71ECAC9C2055DB4100B720EE /* Resources */,
			);
			buildRules = (
			);
			dependencies = (
			);
			name = AVFoundationDemo;
			productName = AVFoundationDemo;
			productReference = 71ECAC9E2055DB4100B720EE /* AVFoundationDemo.app */;
			productType = "com.apple.product-type.application";
		};
/* End PBXNativeTarget section */

/* Begin PBXProject section */
		71ECAC962055DB4100B720EE /* Project object */ = {
			isa = PBXProject;
			attributes = {
				LastSwiftUpdateCheck = 0920;
				LastUpgradeCheck = 0920;
				ORGANIZATIONNAME = "Andrew Rahn";
				TargetAttributes = {
					71ECAC9D2055DB4100B720EE = {
						CreatedOnToolsVersion = 9.2;
						ProvisioningStyle = Automatic;
					};
				};
			};
			buildConfigurationList = 71ECAC992055DB4100B720EE /* Build configuration list for PBXProject "AVFoundationDemo" */;
			compatibilityVersion = "Xcode 8.0";
			developmentRegion = en;
			hasScannedForEncodings = 0;
			knownRegions = (
				en,
				Base,
			);
			mainGroup = 71ECAC952055DB4100B720EE;
			productRefGroup = 71ECAC9F2055DB4100B720EE /* Products */;
			projectDirPath = "";
			projectRoot = "";
			targets = (
				71ECAC9D2055DB4100B720EE /* AVFoundationDemo */,
			);
		};
/* End PBXProject section */

/* Begin PBXResourcesBuildPhase section */
		71ECAC9C2055DB4100B720EE /* Resources */ = {
			isa = PBXResourcesBuildPhase;
			buildActionMask = 2147483647;
			files = (
				71ECACAC2055DB4100B720EE /* LaunchScreen.storyboard in Resources */,
				71ECACA92055DB4100B720EE /* Assets.xcassets in Resources */,
				7123686E205793CD00365E63 /* time.mp4 in Resources */,
			);
			runOnlyForDeploymentPostprocessing = 0;
		};
/* End PBXResourcesBuildPhase section */

/* Begin PBXSourcesBuildPhase section */
		71ECAC9A2055DB4100B720EE /* Sources */ = {
			isa = PBXSourcesBuildPhase;
			buildActionMask = 2147483647;
			files = (
				71ECACBA20571D8900B720EE /* LayerBasedDemo.swift in Sources */,
				71ECACBE20571DE700B720EE /* DemoParentLayerView.swift in Sources */,
				712368702057944700365E63 /* MovieController.swift in Sources */,
				7123686C2057899D00365E63 /* KeyframeAnimationController.swift in Sources */,
				71ECACA42055DB4100B720EE /* ViewController.swift in Sources */,
				71ECACBC20571DA800B720EE /* DemoParentLayer.swift in Sources */,
				71ECACB62055E45000B720EE /* ActionCollectionViewDelegate.swift in Sources */,
				71ECACA22055DB4100B720EE /* AppDelegate.swift in Sources */,
				71ECACB42055DBF800B720EE /* LayerViewController.swift in Sources */,
				7123686A20576A2500365E63 /* NoAnimationLayerDelegate.swift in Sources */,
				71ECACC020574E9900B720EE /* AnimationViewController.swift in Sources */,
			);
			runOnlyForDeploymentPostprocessing = 0;
		};
/* End PBXSourcesBuildPhase section */

/* Begin PBXVariantGroup section */
		71ECACAA2055DB4100B720EE /* LaunchScreen.storyboard */ = {
			isa = PBXVariantGroup;
			children = (
				71ECACAB2055DB4100B720EE /* Base */,
			);
			name = LaunchScreen.storyboard;
			sourceTree = "<group>";
		};
/* End PBXVariantGroup section */

/* Begin XCBuildConfiguration section */
		71ECACAE2055DB4100B720EE /* Debug */ = {
			isa = XCBuildConfiguration;
			buildSettings = {
				ALWAYS_SEARCH_USER_PATHS = NO;
				CLANG_ANALYZER_NONNULL = YES;
				CLANG_ANALYZER_NUMBER_OBJECT_CONVERSION = YES_AGGRESSIVE;
				CLANG_CXX_LANGUAGE_STANDARD = "gnu++14";
				CLANG_CXX_LIBRARY = "libc++";
				CLANG_ENABLE_MODULES = YES;
				CLANG_ENABLE_OBJC_ARC = YES;
				CLANG_WARN_BLOCK_CAPTURE_AUTORELEASING = YES;
				CLANG_WARN_BOOL_CONVERSION = YES;
				CLANG_WARN_COMMA = YES;
				CLANG_WARN_CONSTANT_CONVERSION = YES;
				CLANG_WARN_DIRECT_OBJC_ISA_USAGE = YES_ERROR;
				CLANG_WARN_DOCUMENTATION_COMMENTS = YES;
				CLANG_WARN_EMPTY_BODY = YES;
				CLANG_WARN_ENUM_CONVERSION = YES;
				CLANG_WARN_INFINITE_RECURSION = YES;
				CLANG_WARN_INT_CONVERSION = YES;
				CLANG_WARN_NON_LITERAL_NULL_CONVERSION = YES;
				CLANG_WARN_OBJC_LITERAL_CONVERSION = YES;
				CLANG_WARN_OBJC_ROOT_CLASS = YES_ERROR;
				CLANG_WARN_RANGE_LOOP_ANALYSIS = YES;
				CLANG_WARN_STRICT_PROTOTYPES = YES;
				CLANG_WARN_SUSPICIOUS_MOVE = YES;
				CLANG_WARN_UNGUARDED_AVAILABILITY = YES_AGGRESSIVE;
				CLANG_WARN_UNREACHABLE_CODE = YES;
				CLANG_WARN__DUPLICATE_METHOD_MATCH = YES;
				CODE_SIGN_IDENTITY = "iPhone Developer";
				COPY_PHASE_STRIP = NO;
				DEBUG_INFORMATION_FORMAT = dwarf;
				ENABLE_STRICT_OBJC_MSGSEND = YES;
				ENABLE_TESTABILITY = YES;
				GCC_C_LANGUAGE_STANDARD = gnu11;
				GCC_DYNAMIC_NO_PIC = NO;
				GCC_NO_COMMON_BLOCKS = YES;
				GCC_OPTIMIZATION_LEVEL = 0;
				GCC_PREPROCESSOR_DEFINITIONS = (
					"DEBUG=1",
					"$(inherited)",
				);
				GCC_WARN_64_TO_32_BIT_CONVERSION = YES;
				GCC_WARN_ABOUT_RETURN_TYPE = YES_ERROR;
				GCC_WARN_UNDECLARED_SELECTOR = YES;
				GCC_WARN_UNINITIALIZED_AUTOS = YES_AGGRESSIVE;
				GCC_WARN_UNUSED_FUNCTION = YES;
				GCC_WARN_UNUSED_VARIABLE = YES;
				IPHONEOS_DEPLOYMENT_TARGET = 11.2;
				MTL_ENABLE_DEBUG_INFO = YES;
				ONLY_ACTIVE_ARCH = YES;
				SDKROOT = iphoneos;
				SWIFT_ACTIVE_COMPILATION_CONDITIONS = DEBUG;
				SWIFT_OPTIMIZATION_LEVEL = "-Onone";
			};
			name = Debug;
		};
		71ECACAF2055DB4100B720EE /* Release */ = {
			isa = XCBuildConfiguration;
			buildSettings = {
				ALWAYS_SEARCH_USER_PATHS = NO;
				CLANG_ANALYZER_NONNULL = YES;
				CLANG_ANALYZER_NUMBER_OBJECT_CONVERSION = YES_AGGRESSIVE;
				CLANG_CXX_LANGUAGE_STANDARD = "gnu++14";
				CLANG_CXX_LIBRARY = "libc++";
				CLANG_ENABLE_MODULES = YES;
				CLANG_ENABLE_OBJC_ARC = YES;
				CLANG_WARN_BLOCK_CAPTURE_AUTORELEASING = YES;
				CLANG_WARN_BOOL_CONVERSION = YES;
				CLANG_WARN_COMMA = YES;
				CLANG_WARN_CONSTANT_CONVERSION = YES;
				CLANG_WARN_DIRECT_OBJC_ISA_USAGE = YES_ERROR;
				CLANG_WARN_DOCUMENTATION_COMMENTS = YES;
				CLANG_WARN_EMPTY_BODY = YES;
				CLANG_WARN_ENUM_CONVERSION = YES;
				CLANG_WARN_INFINITE_RECURSION = YES;
				CLANG_WARN_INT_CONVERSION = YES;
				CLANG_WARN_NON_LITERAL_NULL_CONVERSION = YES;
				CLANG_WARN_OBJC_LITERAL_CONVERSION = YES;
				CLANG_WARN_OBJC_ROOT_CLASS = YES_ERROR;
				CLANG_WARN_RANGE_LOOP_ANALYSIS = YES;
				CLANG_WARN_STRICT_PROTOTYPES = YES;
				CLANG_WARN_SUSPICIOUS_MOVE = YES;
				CLANG_WARN_UNGUARDED_AVAILABILITY = YES_AGGRESSIVE;
				CLANG_WARN_UNREACHABLE_CODE = YES;
				CLANG_WARN__DUPLICATE_METHOD_MATCH = YES;
				CODE_SIGN_IDENTITY = "iPhone Developer";
				COPY_PHASE_STRIP = NO;
				DEBUG_INFORMATION_FORMAT = "dwarf-with-dsym";
				ENABLE_NS_ASSERTIONS = NO;
				ENABLE_STRICT_OBJC_MSGSEND = YES;
				GCC_C_LANGUAGE_STANDARD = gnu11;
				GCC_NO_COMMON_BLOCKS = YES;
				GCC_WARN_64_TO_32_BIT_CONVERSION = YES;
				GCC_WARN_ABOUT_RETURN_TYPE = YES_ERROR;
				GCC_WARN_UNDECLARED_SELECTOR = YES;
				GCC_WARN_UNINITIALIZED_AUTOS = YES_AGGRESSIVE;
				GCC_WARN_UNUSED_FUNCTION = YES;
				GCC_WARN_UNUSED_VARIABLE = YES;
				IPHONEOS_DEPLOYMENT_TARGET = 11.2;
				MTL_ENABLE_DEBUG_INFO = NO;
				SDKROOT = iphoneos;
				SWIFT_OPTIMIZATION_LEVEL = "-Owholemodule";
				VALIDATE_PRODUCT = YES;
			};
			name = Release;
		};
		71ECACB12055DB4100B720EE /* Debug */ = {
			isa = XCBuildConfiguration;
			buildSettings = {
				ASSETCATALOG_COMPILER_APPICON_NAME = AppIcon;
				CODE_SIGN_STYLE = Automatic;
				DEVELOPMENT_TEAM = 6N9PZG72W3;
				INFOPLIST_FILE = AVFoundationDemo/Info.plist;
				LD_RUNPATH_SEARCH_PATHS = "$(inherited) @executable_path/Frameworks";
				PRODUCT_BUNDLE_IDENTIFIER = net.paddlefish.AVFoundationDemo;
				PRODUCT_NAME = "$(TARGET_NAME)";
				SWIFT_VERSION = 4.0;
				TARGETED_DEVICE_FAMILY = "1,2";
			};
			name = Debug;
		};
		71ECACB22055DB4100B720EE /* Release */ = {
			isa = XCBuildConfiguration;
			buildSettings = {
				ASSETCATALOG_COMPILER_APPICON_NAME = AppIcon;
				CODE_SIGN_STYLE = Automatic;
				DEVELOPMENT_TEAM = 6N9PZG72W3;
				INFOPLIST_FILE = AVFoundationDemo/Info.plist;
				LD_RUNPATH_SEARCH_PATHS = "$(inherited) @executable_path/Frameworks";
				PRODUCT_BUNDLE_IDENTIFIER = net.paddlefish.AVFoundationDemo;
				PRODUCT_NAME = "$(TARGET_NAME)";
				SWIFT_VERSION = 4.0;
				TARGETED_DEVICE_FAMILY = "1,2";
			};
			name = Release;
		};
/* End XCBuildConfiguration section */

/* Begin XCConfigurationList section */
		71ECAC992055DB4100B720EE /* Build configuration list for PBXProject "AVFoundationDemo" */ = {
			isa = XCConfigurationList;
			buildConfigurations = (
				71ECACAE2055DB4100B720EE /* Debug */,
				71ECACAF2055DB4100B720EE /* Release */,
			);
			defaultConfigurationIsVisible = 0;
			defaultConfigurationName = Release;
		};
		71ECACB02055DB4100B720EE /* Build configuration list for PBXNativeTarget "AVFoundationDemo" */ = {
			isa = XCConfigurationList;
			buildConfigurations = (
				71ECACB12055DB4100B720EE /* Debug */,
				71ECACB22055DB4100B720EE /* Release */,
			);
			defaultConfigurationIsVisible = 0;
			defaultConfigurationName = Release;
		};
/* End XCConfigurationList section */
	};
	rootObject = 71ECAC962055DB4100B720EE /* Project object */;
}
